
Microsoft Visual Studio Solution File, Format Version 12.00
# Visual Studio Version 17
VisualStudioVersion = 17.9.34616.47
MinimumVisualStudioVersion = 10.0.40219.1
Project("{FAE04EC0-301F-11D3-BF4B-00C04F79EFBC}") = "Testris", "Testris\Testris.csproj", "{D5FA4281-EB92-4092-A7B0-459AEF1EDA83}"
EndProject
Global
	GlobalSection(SolutionConfigurationPlatforms) = preSolution
		Debug|Any CPU = Debug|Any CPU
		Release|Any CPU = Release|Any CPU
	EndGlobalSection
	GlobalSection(ProjectConfigurationPlatforms) = postSolution
		{D5FA4281-EB92-4092-A7B0-459AEF1EDA83}.Debug|Any CPU.ActiveCfg = Debug|Any CPU
		{D5FA4281-EB92-4092-A7B0-459AEF1EDA83}.Debug|Any CPU.Build.0 = Debug|Any CPU
		{D5FA4281-EB92-4092-A7B0-459AEF1EDA83}.Release|Any CPU.ActiveCfg = Release|Any CPU
		{D5FA4281-EB92-4092-A7B0-459AEF1EDA83}.Release|Any CPU.Build.0 = Release|Any CPU
	EndGlobalSection
	GlobalSection(SolutionProperties) = preSolution
		HideSolutionNode = FALSE
	EndGlobalSection
	GlobalSection(ExtensibilityGlobals) = postSolution
		SolutionGuid = {CD841568-9A08-4976-A763-495070DD7CC0}
	EndGlobalSection
EndGlobal
